{
  "name": "@gs/core",
  "version": "0.0.1",
  "lockfileVersion": 1,
  "requires": true,
  "dependencies": {
    "ng-event-source": {
      "version": "1.0.14",
      "resolved": "https://registry.npmjs.org/ng-event-source/-/ng-event-source-1.0.14.tgz",
      "integrity": "sha512-RtgmjtTDSQG1yDcsVzT1Yafv6E2PlF64/f2TouN+/DyQuWIFYRg+qOvRJMB08Nqy76CJB30Mvsw6InHrmrGTvg=="
    }
  }
}
