{
  "name": "@gs/core",
  "version": "0.0.1",
  "lockfileVersion": 1,
  "requires": true,
  "dependencies": {
    "@gs/common": {
      "version": "file:../../../dist/libraries/gs-common",
      "requires": {
        "tslib": "^1.9.0"
      },
      "dependencies": {
        "tslib": {
          "version": "1.10.0",
          "resolved": "https://registry.npmjs.org/tslib/-/tslib-1.10.0.tgz",
          "integrity": "sha512-qOebF53frne81cf0S9B41ByenJ3/IuH8yJKngAX35CmiZySA0khhkovshKK+jGCaMnVomla7gVlIcc3EvKPbTQ=="
        }
      }
    },
    "@ngrx/store": {
      "version": "8.2.0",
      "resolved": "https://registry.npmjs.org/@ngrx/store/-/store-8.2.0.tgz",
      "integrity": "sha512-RTmg7WstMhxEIWxtcK1dC4i/3OQeS11ilosQjmZyiRcbRQzvBMZqQzNdpwb5yL6rEQ19Cka/QEWm2sd2USzHeA=="
    },
    "ng-event-source": {
      "version": "1.0.14",
      "resolved": "https://registry.npmjs.org/ng-event-source/-/ng-event-source-1.0.14.tgz",
      "integrity": "sha512-RtgmjtTDSQG1yDcsVzT1Yafv6E2PlF64/f2TouN+/DyQuWIFYRg+qOvRJMB08Nqy76CJB30Mvsw6InHrmrGTvg=="
    }
  }
}
